
Microsoft Visual Studio Solution File, Format Version 12.00
# Visual Studio Version 17
VisualStudioVersion = 17.4.33110.190
MinimumVisualStudioVersion = 10.0.40219.1
Project("{2150E333-8FDC-42A3-9474-1A3956D46DE8}") = "1_Alternatives", "1_Alternatives", "{F42612AE-1423-4B4B-913C-313DB883BB7F}"
EndProject
Project("{2150E333-8FDC-42A3-9474-1A3956D46DE8}") = "2_ProductiveMinimalApi", "2_ProductiveMinimalApi", "{08E2A8FB-F4A5-472B-84E2-916725F2A499}"
EndProject
Project("{9A19103F-16F7-4668-BE54-9A1E7A4F7556}") = "Restaurant.WebApp_BasicMinimalApi", "Alternatives\Restaurant.WebApp_BasicMinimalApi\Restaurant.WebApp_BasicMinimalApi.csproj", "{1D35BC60-843F-4076-B361-140A52E785ED}"
EndProject
Project("{9A19103F-16F7-4668-BE54-9A1E7A4F7556}") = "Restaurant.WebApp_Controller", "Alternatives\Restaurant.WebApp_Controller\Restaurant.WebApp_Controller.csproj", "{07F543EF-1733-47A5-B338-298918D1658D}"
EndProject
Project("{2150E333-8FDC-42A3-9474-1A3956D46DE8}") = "3_Mediatr", "3_Mediatr", "{F580B237-6DDF-4627-9C01-8EADBF848F41}"
EndProject
Project("{9A19103F-16F7-4668-BE54-9A1E7A4F7556}") = "Restaurant.Core", "2_ProductiveMinimalApi\Restaurant.Core\Restaurant.Core.csproj", "{F23D2FF8-0CB6-4C5E-8B58-45B6F78030DE}"
EndProject
Project("{9A19103F-16F7-4668-BE54-9A1E7A4F7556}") = "Restaurant.Infrasturcture", "2_ProductiveMinimalApi\Restaurant.Infrasturcture\Restaurant.Infrasturcture.csproj", "{3A6B34EC-FD52-40A6-99E8-49364664C953}"
EndProject
Project("{9A19103F-16F7-4668-BE54-9A1E7A4F7556}") = "Restaurant.WebApp", "2_ProductiveMinimalApi\Restaurant.WebApp\Restaurant.WebApp.csproj", "{23BD23B1-9AA4-4B3E-89AC-B5D858485E92}"
EndProject
Project("{9A19103F-16F7-4668-BE54-9A1E7A4F7556}") = "Restaurant.WebApp.Test", "2_ProductiveMinimalApi\Restaurant.WebApp.Test\Restaurant.WebApp.Test.csproj", "{1DFC90F4-2843-483A-8FB8-8366E7C3F6C9}"
EndProject
Global
	GlobalSection(SolutionConfigurationPlatforms) = preSolution
		Debug|Any CPU = Debug|Any CPU
		Release|Any CPU = Release|Any CPU
	EndGlobalSection
	GlobalSection(ProjectConfigurationPlatforms) = postSolution
		{1D35BC60-843F-4076-B361-140A52E785ED}.Debug|Any CPU.ActiveCfg = Debug|Any CPU
		{1D35BC60-843F-4076-B361-140A52E785ED}.Debug|Any CPU.Build.0 = Debug|Any CPU
		{1D35BC60-843F-4076-B361-140A52E785ED}.Release|Any CPU.ActiveCfg = Release|Any CPU
		{1D35BC60-843F-4076-B361-140A52E785ED}.Release|Any CPU.Build.0 = Release|Any CPU
		{07F543EF-1733-47A5-B338-298918D1658D}.Debug|Any CPU.ActiveCfg = Debug|Any CPU
		{07F543EF-1733-47A5-B338-298918D1658D}.Debug|Any CPU.Build.0 = Debug|Any CPU
		{07F543EF-1733-47A5-B338-298918D1658D}.Release|Any CPU.ActiveCfg = Release|Any CPU
		{07F543EF-1733-47A5-B338-298918D1658D}.Release|Any CPU.Build.0 = Release|Any CPU
		{F23D2FF8-0CB6-4C5E-8B58-45B6F78030DE}.Debug|Any CPU.ActiveCfg = Debug|Any CPU
		{F23D2FF8-0CB6-4C5E-8B58-45B6F78030DE}.Debug|Any CPU.Build.0 = Debug|Any CPU
		{F23D2FF8-0CB6-4C5E-8B58-45B6F78030DE}.Release|Any CPU.ActiveCfg = Release|Any CPU
		{F23D2FF8-0CB6-4C5E-8B58-45B6F78030DE}.Release|Any CPU.Build.0 = Release|Any CPU
		{3A6B34EC-FD52-40A6-99E8-49364664C953}.Debug|Any CPU.ActiveCfg = Debug|Any CPU
		{3A6B34EC-FD52-40A6-99E8-49364664C953}.Debug|Any CPU.Build.0 = Debug|Any CPU
		{3A6B34EC-FD52-40A6-99E8-49364664C953}.Release|Any CPU.ActiveCfg = Release|Any CPU
		{3A6B34EC-FD52-40A6-99E8-49364664C953}.Release|Any CPU.Build.0 = Release|Any CPU
		{23BD23B1-9AA4-4B3E-89AC-B5D858485E92}.Debug|Any CPU.ActiveCfg = Debug|Any CPU
		{23BD23B1-9AA4-4B3E-89AC-B5D858485E92}.Debug|Any CPU.Build.0 = Debug|Any CPU
		{23BD23B1-9AA4-4B3E-89AC-B5D858485E92}.Release|Any CPU.ActiveCfg = Release|Any CPU
		{23BD23B1-9AA4-4B3E-89AC-B5D858485E92}.Release|Any CPU.Build.0 = Release|Any CPU
		{1DFC90F4-2843-483A-8FB8-8366E7C3F6C9}.Debug|Any CPU.ActiveCfg = Debug|Any CPU
		{1DFC90F4-2843-483A-8FB8-8366E7C3F6C9}.Debug|Any CPU.Build.0 = Debug|Any CPU
		{1DFC90F4-2843-483A-8FB8-8366E7C3F6C9}.Release|Any CPU.ActiveCfg = Release|Any CPU
		{1DFC90F4-2843-483A-8FB8-8366E7C3F6C9}.Release|Any CPU.Build.0 = Release|Any CPU
	EndGlobalSection
	GlobalSection(SolutionProperties) = preSolution
		HideSolutionNode = FALSE
	EndGlobalSection
	GlobalSection(NestedProjects) = preSolution
		{1D35BC60-843F-4076-B361-140A52E785ED} = {F42612AE-1423-4B4B-913C-313DB883BB7F}
		{07F543EF-1733-47A5-B338-298918D1658D} = {F42612AE-1423-4B4B-913C-313DB883BB7F}
		{F23D2FF8-0CB6-4C5E-8B58-45B6F78030DE} = {08E2A8FB-F4A5-472B-84E2-916725F2A499}
		{3A6B34EC-FD52-40A6-99E8-49364664C953} = {08E2A8FB-F4A5-472B-84E2-916725F2A499}
		{23BD23B1-9AA4-4B3E-89AC-B5D858485E92} = {08E2A8FB-F4A5-472B-84E2-916725F2A499}
		{1DFC90F4-2843-483A-8FB8-8366E7C3F6C9} = {08E2A8FB-F4A5-472B-84E2-916725F2A499}
	EndGlobalSection
	GlobalSection(ExtensibilityGlobals) = postSolution
		SolutionGuid = {D11A4D0C-2091-4158-A63C-388C1A7783E6}
	EndGlobalSection
EndGlobal
