
Microsoft Visual Studio Solution File, Format Version 12.00
# Visual Studio Version 17
VisualStudioVersion = 17.4.33110.190
MinimumVisualStudioVersion = 10.0.40219.1
Project("{2150E333-8FDC-42A3-9474-1A3956D46DE8}") = "1_Alternatives", "1_Alternatives", "{F42612AE-1423-4B4B-913C-313DB883BB7F}"
EndProject
Project("{2150E333-8FDC-42A3-9474-1A3956D46DE8}") = "2_ProductiveMinimalApi", "2_ProductiveMinimalApi", "{08E2A8FB-F4A5-472B-84E2-916725F2A499}"
EndProject
Project("{2150E333-8FDC-42A3-9474-1A3956D46DE8}") = "3_Mediatr", "3_Mediatr", "{F580B237-6DDF-4627-9C01-8EADBF848F41}"
EndProject
Project("{9A19103F-16F7-4668-BE54-9A1E7A4F7556}") = "Restaurant.Core", "2_ProductiveMinimalApi\Restaurant.Core\Restaurant.Core.csproj", "{F23D2FF8-0CB6-4C5E-8B58-45B6F78030DE}"
EndProject
Project("{9A19103F-16F7-4668-BE54-9A1E7A4F7556}") = "Restaurant.Infrasturcture", "2_ProductiveMinimalApi\Restaurant.Infrasturcture\Restaurant.Infrasturcture.csproj", "{3A6B34EC-FD52-40A6-99E8-49364664C953}"
EndProject
Project("{9A19103F-16F7-4668-BE54-9A1E7A4F7556}") = "Restaurant.WebApp", "2_ProductiveMinimalApi\Restaurant.WebApp\Restaurant.WebApp.csproj", "{23BD23B1-9AA4-4B3E-89AC-B5D858485E92}"
EndProject
Project("{9A19103F-16F7-4668-BE54-9A1E7A4F7556}") = "Restaurant.WebApp.Test", "2_ProductiveMinimalApi\Restaurant.WebApp.Test\Restaurant.WebApp.Test.csproj", "{1DFC90F4-2843-483A-8FB8-8366E7C3F6C9}"
EndProject
Project("{9A19103F-16F7-4668-BE54-9A1E7A4F7556}") = "Restaurant.WebApp_BasicMinimalApi", "1_Alternatives\Restaurant.WebApp_BasicMinimalApi\Restaurant.WebApp_BasicMinimalApi.csproj", "{B2EBA5B7-9B8E-4BBE-8D81-2D53703AE196}"
EndProject
Project("{9A19103F-16F7-4668-BE54-9A1E7A4F7556}") = "Restaurant.WebApp_Controller", "1_Alternatives\Restaurant.WebApp_Controller\Restaurant.WebApp_Controller.csproj", "{189C7888-058E-4A28-8465-DBEE492C222D}"
EndProject
Project("{9A19103F-16F7-4668-BE54-9A1E7A4F7556}") = "Restaurant.MediatR.Core", "3_MediatR\Restaurant.MediatR.Core\Restaurant.MediatR.Core.csproj", "{19480D48-D731-4AAA-AEC7-13F43BD0D443}"
EndProject
Project("{9A19103F-16F7-4668-BE54-9A1E7A4F7556}") = "Restaurant.MediatR.Infrasturcture", "3_MediatR\Restaurant.MediatR.Infrasturcture\Restaurant.MediatR.Infrasturcture.csproj", "{255100B9-28DD-4EB7-ACFA-CD590FF0643E}"
EndProject
Project("{9A19103F-16F7-4668-BE54-9A1E7A4F7556}") = "Restaurant.MediatR.WebApp", "3_MediatR\Restaurant.MediatR.WebApp\Restaurant.MediatR.WebApp.csproj", "{3B276522-F917-4ABF-8FBE-B52882EEEE98}"
EndProject
Project("{9A19103F-16F7-4668-BE54-9A1E7A4F7556}") = "Restaurant.MediatR.WebApp.Test", "3_MediatR\Restaurant.MediatR.WebApp.Test\Restaurant.MediatR.WebApp.Test.csproj", "{3CCBE0A1-1A58-45B1-87B3-998FD270702C}"
EndProject
Project("{2150E333-8FDC-42A3-9474-1A3956D46DE8}") = "0_Postman", "0_Postman", "{C8C31EBE-9A11-4A2C-A568-B2358AEF6D9F}"
	ProjectSection(SolutionItems) = preProject
		0_Postman\1_Alternative.postman_collection.json = 0_Postman\1_Alternative.postman_collection.json
		0_Postman\2_ProductiveMinimalApi.postman_collection.json = 0_Postman\2_ProductiveMinimalApi.postman_collection.json
	EndProjectSection
EndProject
Project("{2150E333-8FDC-42A3-9474-1A3956D46DE8}") = "4_DDD", "4_DDD", "{D0CC111D-1D0E-4F52-8FE9-4E5AD85207F4}"
EndProject
Project("{2150E333-8FDC-42A3-9474-1A3956D46DE8}") = "2_FullExample", "2_FullExample", "{F8E1DC96-B2B6-46CD-B579-3E7303F37119}"
EndProject
Project("{9A19103F-16F7-4668-BE54-9A1E7A4F7556}") = "Restaurant.DDD.Core", "4_DDD\2_FullExample\Restaurant.DDD.Core\Restaurant.DDD.Core.csproj", "{0C186B6F-B893-4212-ADFD-25DBD90B27BC}"
EndProject
Project("{9A19103F-16F7-4668-BE54-9A1E7A4F7556}") = "Restaurant.DDD.WebApp", "4_DDD\2_FullExample\Restaurant.DDD.WebApp\Restaurant.DDD.WebApp.csproj", "{3943B2E2-8D2C-4B15-8E31-B090AB658341}"
EndProject
Project("{9A19103F-16F7-4668-BE54-9A1E7A4F7556}") = "Restaurant.DDD.WebApp.Test", "4_DDD\2_FullExample\Restaurant.DDD.WebApp.Test\Restaurant.DDD.WebApp.Test.csproj", "{220FEED7-8593-4B5B-B301-6E4471ABCF2D}"
EndProject
Project("{2150E333-8FDC-42A3-9474-1A3956D46DE8}") = "0_Mindset", "0_Mindset", "{95DA0E86-25B1-4193-AC7B-506175E86B66}"
EndProject
Project("{9A19103F-16F7-4668-BE54-9A1E7A4F7556}") = "DDD.ShipBooking", "4_DDD\0_Mindset\DDD.ShipBooking\DDD.ShipBooking.csproj", "{E1A8A428-2D26-4EC9-AE21-74E41595BB4E}"
EndProject
Project("{2150E333-8FDC-42A3-9474-1A3956D46DE8}") = "1_Example", "1_Example", "{2C764DB1-C326-4287-87F2-113D4F620C22}"
EndProject
Project("{2150E333-8FDC-42A3-9474-1A3956D46DE8}") = "1_Specification", "1_Specification", "{58448CAC-311D-44DF-898F-2C0DE06D58DA}"
EndProject
Project("{9A19103F-16F7-4668-BE54-9A1E7A4F7556}") = "RestaurantDemo.DDD.SpecificationPattern", "4_DDD\1_Examples\1_SpecificationPattern\RestaurantDemo.DDD.SpecificationPattern\RestaurantDemo.DDD.SpecificationPattern.csproj", "{ABCB2753-A82A-42EC-BA7B-BFF77CCC4776}"
EndProject
Project("{2150E333-8FDC-42A3-9474-1A3956D46DE8}") = "2_ImplicitExplicitKeyword", "2_ImplicitExplicitKeyword", "{0A6456F0-BCC9-4267-98A9-BA18507FE63B}"
EndProject
Project("{9A19103F-16F7-4668-BE54-9A1E7A4F7556}") = "Restaurant.DDD.SharedKernel", "4_DDD\2_FullExample\Restaurant.DDD.SharedKernel\Restaurant.DDD.SharedKernel.csproj", "{138BB3C8-EE1F-483A-B57E-FFABDBCA6EC0}"
EndProject
Project("{9A19103F-16F7-4668-BE54-9A1E7A4F7556}") = "RestaurantGoal.Example.ImplicitExplicitKeyword", "4_DDD\1_Examples\2_ImplicitExplicitKeyword\RestaurantGoal.Example.ImplicitExplicitKeyword\RestaurantGoal.Example.ImplicitExplicitKeyword.csproj", "{15BB7A91-43FD-480A-8C76-64F11A204058}"
EndProject
Project("{9A19103F-16F7-4668-BE54-9A1E7A4F7556}") = "Restaurant.DDD.Infrastructure", "4_DDD\2_FullExample\Restaurant.DDD.Infrastructure\Restaurant.DDD.Infrastructure.csproj", "{C1BC175A-95B7-46CC-B9D0-94A536DE2B10}"
EndProject
Project("{2150E333-8FDC-42A3-9474-1A3956D46DE8}") = "5_Docker", "5_Docker", "{4FD66C34-5D1C-426C-8F30-362E270D9755}"
EndProject
Project("{9A19103F-16F7-4668-BE54-9A1E7A4F7556}") = "Restaurant.Docker.Core", "5_Docker\Restaurant.Docker.Core\Restaurant.Docker.Core.csproj", "{E7B2F7B8-EEC6-441D-A0B7-DB669C129901}"
EndProject
Project("{9A19103F-16F7-4668-BE54-9A1E7A4F7556}") = "Restaurant.Docker.Infrasturcture", "5_Docker\Restaurant.Docker.Infrasturcture\Restaurant.Docker.Infrasturcture.csproj", "{748B66D2-2E36-4F3D-9314-D6088A8E5320}"
EndProject
Project("{9A19103F-16F7-4668-BE54-9A1E7A4F7556}") = "Restaurant.Docker.WebApp", "5_Docker\Restaurant.Docker.WebApp\Restaurant.Docker.WebApp.csproj", "{178FB96F-C830-4071-9661-3CD99F43DB5B}"
EndProject
Project("{9A19103F-16F7-4668-BE54-9A1E7A4F7556}") = "Restaurant.Docker.WebApp.Test", "5_Docker\Restaurant.Docker.WebApp.Test\Restaurant.Docker.WebApp.Test.csproj", "{C265E7AA-9C8D-4C10-AFAA-4F0F7D390AA7}"
EndProject
Project("{2150E333-8FDC-42A3-9474-1A3956D46DE8}") = "Docker", "Docker", "{5EB6BC36-124E-44BC-B96C-3FEBB00A593B}"
	ProjectSection(SolutionItems) = preProject
		5_Docker\docker-compose.yml = 5_Docker\docker-compose.yml
	EndProjectSection
EndProject
Project("{2150E333-8FDC-42A3-9474-1A3956D46DE8}") = "Mssql", "Mssql", "{B3ED4A69-B2E3-45E4-8392-C730BD48D602}"
	ProjectSection(SolutionItems) = preProject
		5_Docker\Docker\Mssql\Dockerfile = 5_Docker\Docker\Mssql\Dockerfile
	EndProjectSection
EndProject
Project("{2150E333-8FDC-42A3-9474-1A3956D46DE8}") = "Web", "Web", "{F08D30AC-288B-488C-86CF-5AC3A42446C9}"
	ProjectSection(SolutionItems) = preProject
		5_Docker\Docker\Web\Dockerfile = 5_Docker\Docker\Web\Dockerfile
	EndProjectSection
EndProject
Global
	GlobalSection(SolutionConfigurationPlatforms) = preSolution
		Debug|Any CPU = Debug|Any CPU
		Release|Any CPU = Release|Any CPU
	EndGlobalSection
	GlobalSection(ProjectConfigurationPlatforms) = postSolution
		{F23D2FF8-0CB6-4C5E-8B58-45B6F78030DE}.Debug|Any CPU.ActiveCfg = Debug|Any CPU
		{F23D2FF8-0CB6-4C5E-8B58-45B6F78030DE}.Debug|Any CPU.Build.0 = Debug|Any CPU
		{F23D2FF8-0CB6-4C5E-8B58-45B6F78030DE}.Release|Any CPU.ActiveCfg = Release|Any CPU
		{F23D2FF8-0CB6-4C5E-8B58-45B6F78030DE}.Release|Any CPU.Build.0 = Release|Any CPU
		{3A6B34EC-FD52-40A6-99E8-49364664C953}.Debug|Any CPU.ActiveCfg = Debug|Any CPU
		{3A6B34EC-FD52-40A6-99E8-49364664C953}.Debug|Any CPU.Build.0 = Debug|Any CPU
		{3A6B34EC-FD52-40A6-99E8-49364664C953}.Release|Any CPU.ActiveCfg = Release|Any CPU
		{3A6B34EC-FD52-40A6-99E8-49364664C953}.Release|Any CPU.Build.0 = Release|Any CPU
		{23BD23B1-9AA4-4B3E-89AC-B5D858485E92}.Debug|Any CPU.ActiveCfg = Debug|Any CPU
		{23BD23B1-9AA4-4B3E-89AC-B5D858485E92}.Debug|Any CPU.Build.0 = Debug|Any CPU
		{23BD23B1-9AA4-4B3E-89AC-B5D858485E92}.Release|Any CPU.ActiveCfg = Release|Any CPU
		{23BD23B1-9AA4-4B3E-89AC-B5D858485E92}.Release|Any CPU.Build.0 = Release|Any CPU
		{1DFC90F4-2843-483A-8FB8-8366E7C3F6C9}.Debug|Any CPU.ActiveCfg = Debug|Any CPU
		{1DFC90F4-2843-483A-8FB8-8366E7C3F6C9}.Debug|Any CPU.Build.0 = Debug|Any CPU
		{1DFC90F4-2843-483A-8FB8-8366E7C3F6C9}.Release|Any CPU.ActiveCfg = Release|Any CPU
		{1DFC90F4-2843-483A-8FB8-8366E7C3F6C9}.Release|Any CPU.Build.0 = Release|Any CPU
		{B2EBA5B7-9B8E-4BBE-8D81-2D53703AE196}.Debug|Any CPU.ActiveCfg = Debug|Any CPU
		{B2EBA5B7-9B8E-4BBE-8D81-2D53703AE196}.Debug|Any CPU.Build.0 = Debug|Any CPU
		{B2EBA5B7-9B8E-4BBE-8D81-2D53703AE196}.Release|Any CPU.ActiveCfg = Release|Any CPU
		{B2EBA5B7-9B8E-4BBE-8D81-2D53703AE196}.Release|Any CPU.Build.0 = Release|Any CPU
		{189C7888-058E-4A28-8465-DBEE492C222D}.Debug|Any CPU.ActiveCfg = Debug|Any CPU
		{189C7888-058E-4A28-8465-DBEE492C222D}.Debug|Any CPU.Build.0 = Debug|Any CPU
		{189C7888-058E-4A28-8465-DBEE492C222D}.Release|Any CPU.ActiveCfg = Release|Any CPU
		{189C7888-058E-4A28-8465-DBEE492C222D}.Release|Any CPU.Build.0 = Release|Any CPU
		{19480D48-D731-4AAA-AEC7-13F43BD0D443}.Debug|Any CPU.ActiveCfg = Debug|Any CPU
		{19480D48-D731-4AAA-AEC7-13F43BD0D443}.Debug|Any CPU.Build.0 = Debug|Any CPU
		{19480D48-D731-4AAA-AEC7-13F43BD0D443}.Release|Any CPU.ActiveCfg = Release|Any CPU
		{19480D48-D731-4AAA-AEC7-13F43BD0D443}.Release|Any CPU.Build.0 = Release|Any CPU
		{255100B9-28DD-4EB7-ACFA-CD590FF0643E}.Debug|Any CPU.ActiveCfg = Debug|Any CPU
		{255100B9-28DD-4EB7-ACFA-CD590FF0643E}.Debug|Any CPU.Build.0 = Debug|Any CPU
		{255100B9-28DD-4EB7-ACFA-CD590FF0643E}.Release|Any CPU.ActiveCfg = Release|Any CPU
		{255100B9-28DD-4EB7-ACFA-CD590FF0643E}.Release|Any CPU.Build.0 = Release|Any CPU
		{3B276522-F917-4ABF-8FBE-B52882EEEE98}.Debug|Any CPU.ActiveCfg = Debug|Any CPU
		{3B276522-F917-4ABF-8FBE-B52882EEEE98}.Debug|Any CPU.Build.0 = Debug|Any CPU
		{3B276522-F917-4ABF-8FBE-B52882EEEE98}.Release|Any CPU.ActiveCfg = Release|Any CPU
		{3B276522-F917-4ABF-8FBE-B52882EEEE98}.Release|Any CPU.Build.0 = Release|Any CPU
		{3CCBE0A1-1A58-45B1-87B3-998FD270702C}.Debug|Any CPU.ActiveCfg = Debug|Any CPU
		{3CCBE0A1-1A58-45B1-87B3-998FD270702C}.Debug|Any CPU.Build.0 = Debug|Any CPU
		{3CCBE0A1-1A58-45B1-87B3-998FD270702C}.Release|Any CPU.ActiveCfg = Release|Any CPU
		{3CCBE0A1-1A58-45B1-87B3-998FD270702C}.Release|Any CPU.Build.0 = Release|Any CPU
		{0C186B6F-B893-4212-ADFD-25DBD90B27BC}.Debug|Any CPU.ActiveCfg = Debug|Any CPU
		{0C186B6F-B893-4212-ADFD-25DBD90B27BC}.Debug|Any CPU.Build.0 = Debug|Any CPU
		{0C186B6F-B893-4212-ADFD-25DBD90B27BC}.Release|Any CPU.ActiveCfg = Release|Any CPU
		{0C186B6F-B893-4212-ADFD-25DBD90B27BC}.Release|Any CPU.Build.0 = Release|Any CPU
		{3943B2E2-8D2C-4B15-8E31-B090AB658341}.Debug|Any CPU.ActiveCfg = Debug|Any CPU
		{3943B2E2-8D2C-4B15-8E31-B090AB658341}.Debug|Any CPU.Build.0 = Debug|Any CPU
		{3943B2E2-8D2C-4B15-8E31-B090AB658341}.Release|Any CPU.ActiveCfg = Release|Any CPU
		{3943B2E2-8D2C-4B15-8E31-B090AB658341}.Release|Any CPU.Build.0 = Release|Any CPU
		{220FEED7-8593-4B5B-B301-6E4471ABCF2D}.Debug|Any CPU.ActiveCfg = Debug|Any CPU
		{220FEED7-8593-4B5B-B301-6E4471ABCF2D}.Debug|Any CPU.Build.0 = Debug|Any CPU
		{220FEED7-8593-4B5B-B301-6E4471ABCF2D}.Release|Any CPU.ActiveCfg = Release|Any CPU
		{220FEED7-8593-4B5B-B301-6E4471ABCF2D}.Release|Any CPU.Build.0 = Release|Any CPU
		{E1A8A428-2D26-4EC9-AE21-74E41595BB4E}.Debug|Any CPU.ActiveCfg = Debug|Any CPU
		{E1A8A428-2D26-4EC9-AE21-74E41595BB4E}.Debug|Any CPU.Build.0 = Debug|Any CPU
		{E1A8A428-2D26-4EC9-AE21-74E41595BB4E}.Release|Any CPU.ActiveCfg = Release|Any CPU
		{E1A8A428-2D26-4EC9-AE21-74E41595BB4E}.Release|Any CPU.Build.0 = Release|Any CPU
		{ABCB2753-A82A-42EC-BA7B-BFF77CCC4776}.Debug|Any CPU.ActiveCfg = Debug|Any CPU
		{ABCB2753-A82A-42EC-BA7B-BFF77CCC4776}.Debug|Any CPU.Build.0 = Debug|Any CPU
		{ABCB2753-A82A-42EC-BA7B-BFF77CCC4776}.Release|Any CPU.ActiveCfg = Release|Any CPU
		{ABCB2753-A82A-42EC-BA7B-BFF77CCC4776}.Release|Any CPU.Build.0 = Release|Any CPU
		{138BB3C8-EE1F-483A-B57E-FFABDBCA6EC0}.Debug|Any CPU.ActiveCfg = Debug|Any CPU
		{138BB3C8-EE1F-483A-B57E-FFABDBCA6EC0}.Debug|Any CPU.Build.0 = Debug|Any CPU
		{138BB3C8-EE1F-483A-B57E-FFABDBCA6EC0}.Release|Any CPU.ActiveCfg = Release|Any CPU
		{138BB3C8-EE1F-483A-B57E-FFABDBCA6EC0}.Release|Any CPU.Build.0 = Release|Any CPU
		{15BB7A91-43FD-480A-8C76-64F11A204058}.Debug|Any CPU.ActiveCfg = Debug|Any CPU
		{15BB7A91-43FD-480A-8C76-64F11A204058}.Debug|Any CPU.Build.0 = Debug|Any CPU
		{15BB7A91-43FD-480A-8C76-64F11A204058}.Release|Any CPU.ActiveCfg = Release|Any CPU
		{15BB7A91-43FD-480A-8C76-64F11A204058}.Release|Any CPU.Build.0 = Release|Any CPU
		{C1BC175A-95B7-46CC-B9D0-94A536DE2B10}.Debug|Any CPU.ActiveCfg = Debug|Any CPU
		{C1BC175A-95B7-46CC-B9D0-94A536DE2B10}.Debug|Any CPU.Build.0 = Debug|Any CPU
		{C1BC175A-95B7-46CC-B9D0-94A536DE2B10}.Release|Any CPU.ActiveCfg = Release|Any CPU
		{C1BC175A-95B7-46CC-B9D0-94A536DE2B10}.Release|Any CPU.Build.0 = Release|Any CPU
		{E7B2F7B8-EEC6-441D-A0B7-DB669C129901}.Debug|Any CPU.ActiveCfg = Debug|Any CPU
		{E7B2F7B8-EEC6-441D-A0B7-DB669C129901}.Debug|Any CPU.Build.0 = Debug|Any CPU
		{E7B2F7B8-EEC6-441D-A0B7-DB669C129901}.Release|Any CPU.ActiveCfg = Release|Any CPU
		{E7B2F7B8-EEC6-441D-A0B7-DB669C129901}.Release|Any CPU.Build.0 = Release|Any CPU
		{748B66D2-2E36-4F3D-9314-D6088A8E5320}.Debug|Any CPU.ActiveCfg = Debug|Any CPU
		{748B66D2-2E36-4F3D-9314-D6088A8E5320}.Debug|Any CPU.Build.0 = Debug|Any CPU
		{748B66D2-2E36-4F3D-9314-D6088A8E5320}.Release|Any CPU.ActiveCfg = Release|Any CPU
		{748B66D2-2E36-4F3D-9314-D6088A8E5320}.Release|Any CPU.Build.0 = Release|Any CPU
		{178FB96F-C830-4071-9661-3CD99F43DB5B}.Debug|Any CPU.ActiveCfg = Debug|Any CPU
		{178FB96F-C830-4071-9661-3CD99F43DB5B}.Debug|Any CPU.Build.0 = Debug|Any CPU
		{178FB96F-C830-4071-9661-3CD99F43DB5B}.Release|Any CPU.ActiveCfg = Release|Any CPU
		{178FB96F-C830-4071-9661-3CD99F43DB5B}.Release|Any CPU.Build.0 = Release|Any CPU
		{C265E7AA-9C8D-4C10-AFAA-4F0F7D390AA7}.Debug|Any CPU.ActiveCfg = Debug|Any CPU
		{C265E7AA-9C8D-4C10-AFAA-4F0F7D390AA7}.Debug|Any CPU.Build.0 = Debug|Any CPU
		{C265E7AA-9C8D-4C10-AFAA-4F0F7D390AA7}.Release|Any CPU.ActiveCfg = Release|Any CPU
		{C265E7AA-9C8D-4C10-AFAA-4F0F7D390AA7}.Release|Any CPU.Build.0 = Release|Any CPU
	EndGlobalSection
	GlobalSection(SolutionProperties) = preSolution
		HideSolutionNode = FALSE
	EndGlobalSection
	GlobalSection(NestedProjects) = preSolution
		{F23D2FF8-0CB6-4C5E-8B58-45B6F78030DE} = {08E2A8FB-F4A5-472B-84E2-916725F2A499}
		{3A6B34EC-FD52-40A6-99E8-49364664C953} = {08E2A8FB-F4A5-472B-84E2-916725F2A499}
		{23BD23B1-9AA4-4B3E-89AC-B5D858485E92} = {08E2A8FB-F4A5-472B-84E2-916725F2A499}
		{1DFC90F4-2843-483A-8FB8-8366E7C3F6C9} = {08E2A8FB-F4A5-472B-84E2-916725F2A499}
		{B2EBA5B7-9B8E-4BBE-8D81-2D53703AE196} = {F42612AE-1423-4B4B-913C-313DB883BB7F}
		{189C7888-058E-4A28-8465-DBEE492C222D} = {F42612AE-1423-4B4B-913C-313DB883BB7F}
		{19480D48-D731-4AAA-AEC7-13F43BD0D443} = {F580B237-6DDF-4627-9C01-8EADBF848F41}
		{255100B9-28DD-4EB7-ACFA-CD590FF0643E} = {F580B237-6DDF-4627-9C01-8EADBF848F41}
		{3B276522-F917-4ABF-8FBE-B52882EEEE98} = {F580B237-6DDF-4627-9C01-8EADBF848F41}
		{3CCBE0A1-1A58-45B1-87B3-998FD270702C} = {F580B237-6DDF-4627-9C01-8EADBF848F41}
		{F8E1DC96-B2B6-46CD-B579-3E7303F37119} = {D0CC111D-1D0E-4F52-8FE9-4E5AD85207F4}
		{0C186B6F-B893-4212-ADFD-25DBD90B27BC} = {F8E1DC96-B2B6-46CD-B579-3E7303F37119}
		{3943B2E2-8D2C-4B15-8E31-B090AB658341} = {F8E1DC96-B2B6-46CD-B579-3E7303F37119}
		{220FEED7-8593-4B5B-B301-6E4471ABCF2D} = {F8E1DC96-B2B6-46CD-B579-3E7303F37119}
		{95DA0E86-25B1-4193-AC7B-506175E86B66} = {D0CC111D-1D0E-4F52-8FE9-4E5AD85207F4}
		{E1A8A428-2D26-4EC9-AE21-74E41595BB4E} = {95DA0E86-25B1-4193-AC7B-506175E86B66}
		{2C764DB1-C326-4287-87F2-113D4F620C22} = {D0CC111D-1D0E-4F52-8FE9-4E5AD85207F4}
		{58448CAC-311D-44DF-898F-2C0DE06D58DA} = {2C764DB1-C326-4287-87F2-113D4F620C22}
		{ABCB2753-A82A-42EC-BA7B-BFF77CCC4776} = {58448CAC-311D-44DF-898F-2C0DE06D58DA}
		{0A6456F0-BCC9-4267-98A9-BA18507FE63B} = {2C764DB1-C326-4287-87F2-113D4F620C22}
		{138BB3C8-EE1F-483A-B57E-FFABDBCA6EC0} = {F8E1DC96-B2B6-46CD-B579-3E7303F37119}
		{15BB7A91-43FD-480A-8C76-64F11A204058} = {0A6456F0-BCC9-4267-98A9-BA18507FE63B}
		{C1BC175A-95B7-46CC-B9D0-94A536DE2B10} = {F8E1DC96-B2B6-46CD-B579-3E7303F37119}
		{E7B2F7B8-EEC6-441D-A0B7-DB669C129901} = {4FD66C34-5D1C-426C-8F30-362E270D9755}
		{748B66D2-2E36-4F3D-9314-D6088A8E5320} = {4FD66C34-5D1C-426C-8F30-362E270D9755}
		{178FB96F-C830-4071-9661-3CD99F43DB5B} = {4FD66C34-5D1C-426C-8F30-362E270D9755}
		{C265E7AA-9C8D-4C10-AFAA-4F0F7D390AA7} = {4FD66C34-5D1C-426C-8F30-362E270D9755}
		{5EB6BC36-124E-44BC-B96C-3FEBB00A593B} = {4FD66C34-5D1C-426C-8F30-362E270D9755}
		{B3ED4A69-B2E3-45E4-8392-C730BD48D602} = {5EB6BC36-124E-44BC-B96C-3FEBB00A593B}
		{F08D30AC-288B-488C-86CF-5AC3A42446C9} = {5EB6BC36-124E-44BC-B96C-3FEBB00A593B}
	EndGlobalSection
	GlobalSection(ExtensibilityGlobals) = postSolution
		SolutionGuid = {D11A4D0C-2091-4158-A63C-388C1A7783E6}
	EndGlobalSection
EndGlobal
